github.com/mostafasolati/goodbye v1.0.0 h1:OOzBO1oVKPdzRgfR5KGhcHCG2xYf4MGS+xkeyqWHTZg=
github.com/mostafasolati/goodbye v1.0.0/go.mod h1:b1PmCfvR6JK5wLsZ+ktoUxmZI5k1IjnUdX//KlH/LiI=
github.com/mostafasolati/math v1.0.0 h1:dnOvMBGEQvgnsAY1SCDnwU9SvlPe7VlsIGBOdPuUhgE=
github.com/mostafasolati/math v1.0.0/go.mod h1:KhUdp+7nc5mAawFpzLaiaxYaZZnZgVwmy+lVSCKmOmQ=
